
Microsoft Visual Studio Solution File, Format Version 12.00
# Visual Studio Version 16
VisualStudioVersion = 16.0.29509.3
MinimumVisualStudioVersion = 10.0.40219.1
Project("{FAE04EC0-301F-11D3-BF4B-00C04F79EFBC}") = "ASEassignment", "ASEassignment.csproj", "{35134A5F-2182-43EC-A756-4722782BB770}"
EndProject
Project("{FAE04EC0-301F-11D3-BF4B-00C04F79EFBC}") = "Test1.UnitTests", "..\Test1.UnitTests\Test1.UnitTests.csproj", "{36912498-FDB5-4F08-8F73-C883EF39B06A}"
EndProject
Global
	GlobalSection(SolutionConfigurationPlatforms) = preSolution
		Debug|Any CPU = Debug|Any CPU
		Release|Any CPU = Release|Any CPU
	EndGlobalSection
	GlobalSection(ProjectConfigurationPlatforms) = postSolution
		{35134A5F-2182-43EC-A756-4722782BB770}.Debug|Any CPU.ActiveCfg = Debug|Any CPU
		{35134A5F-2182-43EC-A756-4722782BB770}.Debug|Any CPU.Build.0 = Debug|Any CPU
		{35134A5F-2182-43EC-A756-4722782BB770}.Release|Any CPU.ActiveCfg = Release|Any CPU
		{35134A5F-2182-43EC-A756-4722782BB770}.Release|Any CPU.Build.0 = Release|Any CPU
		{36912498-FDB5-4F08-8F73-C883EF39B06A}.Debug|Any CPU.ActiveCfg = Debug|Any CPU
		{36912498-FDB5-4F08-8F73-C883EF39B06A}.Debug|Any CPU.Build.0 = Debug|Any CPU
		{36912498-FDB5-4F08-8F73-C883EF39B06A}.Release|Any CPU.ActiveCfg = Release|Any CPU
		{36912498-FDB5-4F08-8F73-C883EF39B06A}.Release|Any CPU.Build.0 = Release|Any CPU
	EndGlobalSection
	GlobalSection(SolutionProperties) = preSolution
		HideSolutionNode = FALSE
	EndGlobalSection
	GlobalSection(ExtensibilityGlobals) = postSolution
		SolutionGuid = {CC2B9EE6-1758-48D1-AB7E-2827BB743F42}
	EndGlobalSection
EndGlobal
